
Microsoft Visual Studio Solution File, Format Version 12.00
# Visual Studio Version 16
VisualStudioVersion = 16.0.30523.141
MinimumVisualStudioVersion = 10.0.40219.1
Project("{FAE04EC0-301F-11D3-BF4B-00C04F79EFBC}") = "VentaRepuestos.Console", "VentaRepuestos.Console\VentaRepuestos.Console.csproj", "{0C17F385-D451-44FE-A513-C5F2F1785235}"
EndProject
Project("{FAE04EC0-301F-11D3-BF4B-00C04F79EFBC}") = "VentaRepuestos.Entidades", "VentaRepuestos.Entidades\VentaRepuestos.Entidades.csproj", "{A4C13F38-38F8-44A7-92D9-CE104B0E28C6}"
EndProject
Global
	GlobalSection(SolutionConfigurationPlatforms) = preSolution
		Debug|Any CPU = Debug|Any CPU
		Release|Any CPU = Release|Any CPU
	EndGlobalSection
	GlobalSection(ProjectConfigurationPlatforms) = postSolution
		{0C17F385-D451-44FE-A513-C5F2F1785235}.Debug|Any CPU.ActiveCfg = Debug|Any CPU
		{0C17F385-D451-44FE-A513-C5F2F1785235}.Debug|Any CPU.Build.0 = Debug|Any CPU
		{0C17F385-D451-44FE-A513-C5F2F1785235}.Release|Any CPU.ActiveCfg = Release|Any CPU
		{0C17F385-D451-44FE-A513-C5F2F1785235}.Release|Any CPU.Build.0 = Release|Any CPU
		{A4C13F38-38F8-44A7-92D9-CE104B0E28C6}.Debug|Any CPU.ActiveCfg = Debug|Any CPU
		{A4C13F38-38F8-44A7-92D9-CE104B0E28C6}.Debug|Any CPU.Build.0 = Debug|Any CPU
		{A4C13F38-38F8-44A7-92D9-CE104B0E28C6}.Release|Any CPU.ActiveCfg = Release|Any CPU
		{A4C13F38-38F8-44A7-92D9-CE104B0E28C6}.Release|Any CPU.Build.0 = Release|Any CPU
	EndGlobalSection
	GlobalSection(SolutionProperties) = preSolution
		HideSolutionNode = FALSE
	EndGlobalSection
	GlobalSection(ExtensibilityGlobals) = postSolution
		SolutionGuid = {ECD928DF-2356-474D-A0EB-ECB4FB6E8885}
	EndGlobalSection
EndGlobal
